
Microsoft Visual Studio Solution File, Format Version 12.00
# Visual Studio 2015
Project("{FAE04EC0-301F-11D3-BF4B-00C04F79EFBC}") = "BlindGunSlinger.CSharp", "BlindGunSlinger.CSharp.csproj", "{79498894-D703-4936-CBBB-5C9F7603CD49}"
EndProject
Project("{FAE04EC0-301F-11D3-BF4B-00C04F79EFBC}") = "BlindGunSlinger.CSharp.Editor", "BlindGunSlinger.CSharp.Editor.csproj", "{EB3EF6A3-AD29-1CC8-819A-EB77A858EDB1}"
EndProject
Global
	GlobalSection(SolutionConfigurationPlatforms) = preSolution
		Debug|Any CPU = Debug|Any CPU
		Release|Any CPU = Release|Any CPU
	EndGlobalSection
	GlobalSection(ProjectConfigurationPlatforms) = postSolution
		{79498894-D703-4936-CBBB-5C9F7603CD49}.Debug|Any CPU.ActiveCfg = Debug|Any CPU
		{79498894-D703-4936-CBBB-5C9F7603CD49}.Debug|Any CPU.Build.0 = Debug|Any CPU
		{79498894-D703-4936-CBBB-5C9F7603CD49}.Release|Any CPU.ActiveCfg = Release|Any CPU
		{79498894-D703-4936-CBBB-5C9F7603CD49}.Release|Any CPU.Build.0 = Release|Any CPU
		{EB3EF6A3-AD29-1CC8-819A-EB77A858EDB1}.Debug|Any CPU.ActiveCfg = Debug|Any CPU
		{EB3EF6A3-AD29-1CC8-819A-EB77A858EDB1}.Debug|Any CPU.Build.0 = Debug|Any CPU
		{EB3EF6A3-AD29-1CC8-819A-EB77A858EDB1}.Release|Any CPU.ActiveCfg = Release|Any CPU
		{EB3EF6A3-AD29-1CC8-819A-EB77A858EDB1}.Release|Any CPU.Build.0 = Release|Any CPU
	EndGlobalSection
	GlobalSection(SolutionProperties) = preSolution
		HideSolutionNode = FALSE
	EndGlobalSection
EndGlobal
